PODS:
  - AnimatedLaunchScreenKit (0.1.0)

DEPENDENCIES:
  - AnimatedLaunchScreenKit (from `../`)

EXTERNAL SOURCES:
  AnimatedLaunchScreenKit:
    :path: "../"

SPEC CHECKSUMS:
  AnimatedLaunchScreenKit: a7e590fc0fea9304d773bdaea6526486c85ba8bd

PODFILE CHECKSUM: 3d795776b61e4f6dc45e274bf150f95791b825e7

COCOAPODS: 1.16.2
